// !$*UTF8*$!
{
	archiveVersion = 1;
	classes = {
	};
	objectVersion = 46;
	objects = {

/* Begin PBXBuildFile section */
		B18815461D40A0720038BAE1 /* AppDelegate.swift in Sources */ = {isa = PBXBuildFile; fileRef = B18815451D40A0720038BAE1 /* AppDelegate.swift */; };
		B18815481D40A0720038BAE1 /* ViewController.swift in Sources */ = {isa = PBXBuildFile; fileRef = B18815471D40A0720038BAE1 /* ViewController.swift */; };
		B188154B1D40A0720038BAE1 /* Main.storyboard in Resources */ = {isa = PBXBuildFile; fileRef = B18815491D40A0720038BAE1 /* Main.storyboard */; };
		B188154D1D40A0720038BAE1 /* Assets.xcassets in Resources */ = {isa = PBXBuildFile; fileRef = B188154C1D40A0720038BAE1 /* Assets.xcassets */; };
		B18815501D40A0720038BAE1 /* LaunchScreen.storyboard in Resources */ = {isa = PBXBuildFile; fileRef = B188154E1D40A0720038BAE1 /* LaunchScreen.storyboard */; };
/* End PBXBuildFile section */

/* Begin PBXFileReference section */
		B18815421D40A0720038BAE1 /* pointer.app */ = {isa = PBXFileReference; explicitFileType = wrapper.application; includeInIndex = 0; path = pointer.app; sourceTree = BUILT_PRODUCTS_DIR; };
		B18815451D40A0720038BAE1 /* AppDelegate.swift */ = {isa = PBXFileReference; lastKnownFileType = sourcecode.swift; path = AppDelegate.swift; sourceTree = "<group>"; };
		B18815471D40A0720038BAE1 /* ViewController.swift */ = {isa = PBXFileReference; lastKnownFileType = sourcecode.swift; path = ViewController.swift; sourceTree = "<group>"; };
		B188154A1D40A0720038BAE1 /* Base */ = {isa = PBXFileReference; lastKnownFileType = file.storyboard; name = Base; path = Base.lproj/Main.storyboard; sourceTree = "<group>"; };
		B188154C1D40A0720038BAE1 /* Assets.xcassets */ = {isa = PBXFileReference; lastKnownFileType = folder.assetcatalog; path = Assets.xcassets; sourceTree = "<group>"; };
		B188154F1D40A0720038BAE1 /* Base */ = {isa = PBXFileReference; lastKnownFileType = file.storyboard; name = Base; path = Base.lproj/LaunchScreen.storyboard; sourceTree = "<group>"; };
		B18815511D40A0720038BAE1 /* Info.plist */ = {isa = PBXFileReference; lastKnownFileType = text.plist.xml; path = Info.plist; sourceTree = "<group>"; };
/* End PBXFileReference section */

/* Begin PBXFrameworksBuildPhase section */
		B188153F1D40A0720038BAE1 /* Frameworks */ = {
			isa = PBXFrameworksBuildPhase;
			buildActionMask = 2147483647;
			files = (
			);
			runOnlyForDeploymentPostprocessing = 0;
		};
/* End PBXFrameworksBuildPhase section */

/* Begin PBXGroup section */
		B18815391D40A0720038BAE1 = {
			isa = PBXGroup;
			children = (
				B18815441D40A0720038BAE1 /* pointer */,
				B18815431D40A0720038BAE1 /* Products */,
			);
			sourceTree = "<group>";
		};
		B18815431D40A0720038BAE1 /* Products */ = {
			isa = PBXGroup;
			children = (
				B18815421D40A0720038BAE1 /* pointer.app */,
			);
			name = Products;
			sourceTree = "<group>";
		};
		B18815441D40A0720038BAE1 /* pointer */ = {
			isa = PBXGroup;
			children = (
				B18815451D40A0720038BAE1 /* AppDelegate.swift */,
				B18815471D40A0720038BAE1 /* ViewController.swift */,
				B18815491D40A0720038BAE1 /* Main.storyboard */,
				B188154C1D40A0720038BAE1 /* Assets.xcassets */,
				B188154E1D40A0720038BAE1 /* LaunchScreen.storyboard */,
				B18815511D40A0720038BAE1 /* Info.plist */,
			);
			path = pointer;
			sourceTree = "<group>";
		};
/* End PBXGroup section */

/* Begin PBXNativeTarget section */
		B18815411D40A0720038BAE1 /* pointer */ = {
			isa = PBXNativeTarget;
			buildConfigurationList = B18815541D40A0720038BAE1 /* Build configuration list for PBXNativeTarget "pointer" */;
			buildPhases = (
				B188153E1D40A0720038BAE1 /* Sources */,
				B188153F1D40A0720038BAE1 /* Frameworks */,
				B18815401D40A0720038BAE1 /* Resources */,
			);
			buildRules = (
			);
			dependencies = (
			);
			name = pointer;
			productName = pointer;
			productReference = B18815421D40A0720038BAE1 /* pointer.app */;
			productType = "com.apple.product-type.application";
		};
/* End PBXNativeTarget section */

/* Begin PBXProject section */
		B188153A1D40A0720038BAE1 /* Project object */ = {
			isa = PBXProject;
			attributes = {
				LastSwiftUpdateCheck = 0730;
				LastUpgradeCheck = 0730;
				ORGANIZATIONNAME = "革码者";
				TargetAttributes = {
					B18815411D40A0720038BAE1 = {
						CreatedOnToolsVersion = 7.3.1;
						DevelopmentTeam = YY5Q8JWYE5;
					};
				};
			};
			buildConfigurationList = B188153D1D40A0720038BAE1 /* Build configuration list for PBXProject "pointer" */;
			compatibilityVersion = "Xcode 3.2";
			developmentRegion = English;
			hasScannedForEncodings = 0;
			knownRegions = (
				en,
				Base,
			);
			mainGroup = B18815391D40A0720038BAE1;
			productRefGroup = B18815431D40A0720038BAE1 /* Products */;
			projectDirPath = "";
			projectRoot = "";
			targets = (
				B18815411D40A0720038BAE1 /* pointer */,
			);
		};
/* End PBXProject section */

/* Begin PBXResourcesBuildPhase section */
		B18815401D40A0720038BAE1 /* Resources */ = {
			isa = PBXResourcesBuildPhase;
			buildActionMask = 2147483647;
			files = (
				B18815501D40A0720038BAE1 /* LaunchScreen.storyboard in Resources */,
				B188154D1D40A0720038BAE1 /* Assets.xcassets in Resources */,
				B188154B1D40A0720038BAE1 /* Main.storyboard in Resources */,
			);
			runOnlyForDeploymentPostprocessing = 0;
		};
/* End PBXResourcesBuildPhase section */

/* Begin PBXSourcesBuildPhase section */
		B188153E1D40A0720038BAE1 /* Sources */ = {
			isa = PBXSourcesBuildPhase;
			buildActionMask = 2147483647;
			files = (
				B18815481D40A0720038BAE1 /* ViewController.swift in Sources */,
				B18815461D40A0720038BAE1 /* AppDelegate.swift in Sources */,
			);
			runOnlyForDeploymentPostprocessing = 0;
		};
/* End PBXSourcesBuildPhase section */

/* Begin PBXVariantGroup section */
		B18815491D40A0720038BAE1 /* Main.storyboard */ = {
			isa = PBXVariantGroup;
			children = (
				B188154A1D40A0720038BAE1 /* Base */,
			);
			name = Main.storyboard;
			sourceTree = "<group>";
		};
		B188154E1D40A0720038BAE1 /* LaunchScreen.storyboard */ = {
			isa = PBXVariantGroup;
			children = (
				B188154F1D40A0720038BAE1 /* Base */,
			);
			name = LaunchScreen.storyboard;
			sourceTree = "<group>";
		};
/* End PBXVariantGroup section */

/* Begin XCBuildConfiguration section */
		B18815521D40A0720038BAE1 /* Debug */ = {
			isa = XCBuildConfiguration;
			buildSettings = {
				ALWAYS_SEARCH_USER_PATHS = NO;
				CLANG_ANALYZER_NONNULL = YES;
				CLANG_CXX_LANGUAGE_STANDARD = "gnu++0x";
				CLANG_CXX_LIBRARY = "libc++";
				CLANG_ENABLE_MODULES = YES;
				CLANG_ENABLE_OBJC_ARC = YES;
				CLANG_WARN_BOOL_CONVERSION = YES;
				CLANG_WARN_CONSTANT_CONVERSION = YES;
				CLANG_WARN_DIRECT_OBJC_ISA_USAGE = YES_ERROR;
				CLANG_WARN_EMPTY_BODY = YES;
				CLANG_WARN_ENUM_CONVERSION = YES;
				CLANG_WARN_INT_CONVERSION = YES;
				CLANG_WARN_OBJC_ROOT_CLASS = YES_ERROR;
				CLANG_WARN_UNREACHABLE_CODE = YES;
				CLANG_WARN__DUPLICATE_METHOD_MATCH = YES;
				"CODE_SIGN_IDENTITY[sdk=iphoneos*]" = "iPhone Developer";
				COPY_PHASE_STRIP = NO;
				DEBUG_INFORMATION_FORMAT = dwarf;
				ENABLE_STRICT_OBJC_MSGSEND = YES;
				ENABLE_TESTABILITY = YES;
				GCC_C_LANGUAGE_STANDARD = gnu99;
				GCC_DYNAMIC_NO_PIC = NO;
				GCC_NO_COMMON_BLOCKS = YES;
				GCC_OPTIMIZATION_LEVEL = 0;
				GCC_PREPROCESSOR_DEFINITIONS = (
					"DEBUG=1",
					"$(inherited)",
				);
				GCC_WARN_64_TO_32_BIT_CONVERSION = YES;
				GCC_WARN_ABOUT_RETURN_TYPE = YES_ERROR;
				GCC_WARN_UNDECLARED_SELECTOR = YES;
				GCC_WARN_UNINITIALIZED_AUTOS = YES_AGGRESSIVE;
				GCC_WARN_UNUSED_FUNCTION = YES;
				GCC_WARN_UNUSED_VARIABLE = YES;
				IPHONEOS_DEPLOYMENT_TARGET = 9.3;
				MTL_ENABLE_DEBUG_INFO = YES;
				ONLY_ACTIVE_ARCH = YES;
				SDKROOT = iphoneos;
				SWIFT_OPTIMIZATION_LEVEL = "-Onone";
			};
			name = Debug;
		};
		B18815531D40A0720038BAE1 /* Release */ = {
			isa = XCBuildConfiguration;
			buildSettings = {
				ALWAYS_SEARCH_USER_PATHS = NO;
				CLANG_ANALYZER_NONNULL = YES;
				CLANG_CXX_LANGUAGE_STANDARD = "gnu++0x";
				CLANG_CXX_LIBRARY = "libc++";
				CLANG_ENABLE_MODULES = YES;
				CLANG_ENABLE_OBJC_ARC = YES;
				CLANG_WARN_BOOL_CONVERSION = YES;
				CLANG_WARN_CONSTANT_CONVERSION = YES;
				CLANG_WARN_DIRECT_OBJC_ISA_USAGE = YES_ERROR;
				CLANG_WARN_EMPTY_BODY = YES;
				CLANG_WARN_ENUM_CONVERSION = YES;
				CLANG_WARN_INT_CONVERSION = YES;
				CLANG_WARN_OBJC_ROOT_CLASS = YES_ERROR;
				CLANG_WARN_UNREACHABLE_CODE = YES;
				CLANG_WARN__DUPLICATE_METHOD_MATCH = YES;
				"CODE_SIGN_IDENTITY[sdk=iphoneos*]" = "iPhone Developer";
				COPY_PHASE_STRIP = NO;
				DEBUG_INFORMATION_FORMAT = "dwarf-with-dsym";
				ENABLE_NS_ASSERTIONS = NO;
				ENABLE_STRICT_OBJC_MSGSEND = YES;
				GCC_C_LANGUAGE_STANDARD = gnu99;
				GCC_NO_COMMON_BLOCKS = YES;
				GCC_WARN_64_TO_32_BIT_CONVERSION = YES;
				GCC_WARN_ABOUT_RETURN_TYPE = YES_ERROR;
				GCC_WARN_UNDECLARED_SELECTOR = YES;
				GCC_WARN_UNINITIALIZED_AUTOS = YES_AGGRESSIVE;
				GCC_WARN_UNUSED_FUNCTION = YES;
				GCC_WARN_UNUSED_VARIABLE = YES;
				IPHONEOS_DEPLOYMENT_TARGET = 9.3;
				MTL_ENABLE_DEBUG_INFO = NO;
				SDKROOT = iphoneos;
				VALIDATE_PRODUCT = YES;
			};
			name = Release;
		};
		B18815551D40A0720038BAE1 /* Debug */ = {
			isa = XCBuildConfiguration;
			buildSettings = {
				ASSETCATALOG_COMPILER_APPICON_NAME = AppIcon;
				INFOPLIST_FILE = pointer/Info.plist;
				LD_RUNPATH_SEARCH_PATHS = "$(inherited) @executable_path/Frameworks";
				PRODUCT_BUNDLE_IDENTIFIER = Grandre.pointer;
				PRODUCT_NAME = "$(TARGET_NAME)";
			};
			name = Debug;
		};
		B18815561D40A0720038BAE1 /* Release */ = {
			isa = XCBuildConfiguration;
			buildSettings = {
				ASSETCATALOG_COMPILER_APPICON_NAME = AppIcon;
				INFOPLIST_FILE = pointer/Info.plist;
				LD_RUNPATH_SEARCH_PATHS = "$(inherited) @executable_path/Frameworks";
				PRODUCT_BUNDLE_IDENTIFIER = Grandre.pointer;
				PRODUCT_NAME = "$(TARGET_NAME)";
			};
			name = Release;
		};
/* End XCBuildConfiguration section */

/* Begin XCConfigurationList section */
		B188153D1D40A0720038BAE1 /* Build configuration list for PBXProject "pointer" */ = {
			isa = XCConfigurationList;
			buildConfigurations = (
				B18815521D40A0720038BAE1 /* Debug */,
				B18815531D40A0720038BAE1 /* Release */,
			);
			defaultConfigurationIsVisible = 0;
			defaultConfigurationName = Release;
		};
		B18815541D40A0720038BAE1 /* Build configuration list for PBXNativeTarget "pointer" */ = {
			isa = XCConfigurationList;
			buildConfigurations = (
				B18815551D40A0720038BAE1 /* Debug */,
				B18815561D40A0720038BAE1 /* Release */,
			);
			defaultConfigurationIsVisible = 0;
		};
/* End XCConfigurationList section */
	};
	rootObject = B188153A1D40A0720038BAE1 /* Project object */;
}
